
Microsoft Visual Studio Solution File, Format Version 12.00
# Visual Studio 2012
Project("{FAE04EC0-301F-11D3-BF4B-00C04F79EFBC}") = "HN863Soft.ISS.Model", "HN863Soft.ISS.Model\HN863Soft.ISS.Model.csproj", "{139238AD-1FF7-4D1F-A515-1B7C5AA03E06}"
EndProject
Project("{FAE04EC0-301F-11D3-BF4B-00C04F79EFBC}") = "HN863Soft.ISS.DAL", "HN863Soft.ISS.DAL\HN863Soft.ISS.DAL.csproj", "{77761774-5ABF-464A-9567-65B8E10765C6}"
EndProject
Project("{FAE04EC0-301F-11D3-BF4B-00C04F79EFBC}") = "HN863Soft.ISS.DBUtility", "HN863Soft.ISS.DBUtility\HN863Soft.ISS.DBUtility.csproj", "{0498A87D-DAFB-48B8-BB39-A51937A22F7D}"
EndProject
Project("{FAE04EC0-301F-11D3-BF4B-00C04F79EFBC}") = "HN863Soft.ISS.Common", "HN863Soft.ISS.Common\HN863Soft.ISS.Common.csproj", "{C8F70A11-5127-409E-8419-6208099FE2E4}"
EndProject
Project("{FAE04EC0-301F-11D3-BF4B-00C04F79EFBC}") = "HN863Soft.ISS.BLL", "HN863Soft.ISS.BLL\HN863Soft.ISS.BLL.csproj", "{CF649369-E07F-44CD-86F2-55EF032927B1}"
EndProject
Project("{FAE04EC0-301F-11D3-BF4B-00C04F79EFBC}") = "HN863Soft.ISS.Web.Core", "HN863Soft.ISS.Web.Core\HN863Soft.ISS.Web.Core.csproj", "{B3C3BC8E-DCFB-46D7-BDFC-F49CF152C162}"
EndProject
Project("{FAE04EC0-301F-11D3-BF4B-00C04F79EFBC}") = "HN863Soft.ISS.Web", "HN863Soft.ISS.Web\HN863Soft.ISS.Web.csproj", "{23A54E52-8DD8-4563-A9BB-A63CFF7297E1}"
EndProject
Project("{FAE04EC0-301F-11D3-BF4B-00C04F79EFBC}") = "CrawlerConsole", "CrawlerConsole\CrawlerConsole.csproj", "{0AB272D2-6FF0-4084-B6AF-102ABACC7C9E}"
EndProject
Project("{FAE04EC0-301F-11D3-BF4B-00C04F79EFBC}") = "HN863Soft.ISS.CrawlerCommon", "HN863Soft.ISS.CrawlerCommon\HN863Soft.ISS.CrawlerCommon.csproj", "{342FADDE-71E3-47D4-9821-F770B4B5C06C}"
EndProject
Global
	GlobalSection(SolutionConfigurationPlatforms) = preSolution
		Debug|Any CPU = Debug|Any CPU
		Release|Any CPU = Release|Any CPU
	EndGlobalSection
	GlobalSection(ProjectConfigurationPlatforms) = postSolution
		{139238AD-1FF7-4D1F-A515-1B7C5AA03E06}.Debug|Any CPU.ActiveCfg = Debug|Any CPU
		{139238AD-1FF7-4D1F-A515-1B7C5AA03E06}.Debug|Any CPU.Build.0 = Debug|Any CPU
		{139238AD-1FF7-4D1F-A515-1B7C5AA03E06}.Release|Any CPU.ActiveCfg = Release|Any CPU
		{139238AD-1FF7-4D1F-A515-1B7C5AA03E06}.Release|Any CPU.Build.0 = Release|Any CPU
		{77761774-5ABF-464A-9567-65B8E10765C6}.Debug|Any CPU.ActiveCfg = Debug|Any CPU
		{77761774-5ABF-464A-9567-65B8E10765C6}.Debug|Any CPU.Build.0 = Debug|Any CPU
		{77761774-5ABF-464A-9567-65B8E10765C6}.Release|Any CPU.ActiveCfg = Release|Any CPU
		{77761774-5ABF-464A-9567-65B8E10765C6}.Release|Any CPU.Build.0 = Release|Any CPU
		{0498A87D-DAFB-48B8-BB39-A51937A22F7D}.Debug|Any CPU.ActiveCfg = Debug|Any CPU
		{0498A87D-DAFB-48B8-BB39-A51937A22F7D}.Debug|Any CPU.Build.0 = Debug|Any CPU
		{0498A87D-DAFB-48B8-BB39-A51937A22F7D}.Release|Any CPU.ActiveCfg = Release|Any CPU
		{0498A87D-DAFB-48B8-BB39-A51937A22F7D}.Release|Any CPU.Build.0 = Release|Any CPU
		{C8F70A11-5127-409E-8419-6208099FE2E4}.Debug|Any CPU.ActiveCfg = Debug|Any CPU
		{C8F70A11-5127-409E-8419-6208099FE2E4}.Debug|Any CPU.Build.0 = Debug|Any CPU
		{C8F70A11-5127-409E-8419-6208099FE2E4}.Release|Any CPU.ActiveCfg = Release|Any CPU
		{C8F70A11-5127-409E-8419-6208099FE2E4}.Release|Any CPU.Build.0 = Release|Any CPU
		{CF649369-E07F-44CD-86F2-55EF032927B1}.Debug|Any CPU.ActiveCfg = Debug|Any CPU
		{CF649369-E07F-44CD-86F2-55EF032927B1}.Debug|Any CPU.Build.0 = Debug|Any CPU
		{CF649369-E07F-44CD-86F2-55EF032927B1}.Release|Any CPU.ActiveCfg = Release|Any CPU
		{CF649369-E07F-44CD-86F2-55EF032927B1}.Release|Any CPU.Build.0 = Release|Any CPU
		{B3C3BC8E-DCFB-46D7-BDFC-F49CF152C162}.Debug|Any CPU.ActiveCfg = Debug|Any CPU
		{B3C3BC8E-DCFB-46D7-BDFC-F49CF152C162}.Debug|Any CPU.Build.0 = Debug|Any CPU
		{B3C3BC8E-DCFB-46D7-BDFC-F49CF152C162}.Release|Any CPU.ActiveCfg = Release|Any CPU
		{B3C3BC8E-DCFB-46D7-BDFC-F49CF152C162}.Release|Any CPU.Build.0 = Release|Any CPU
		{23A54E52-8DD8-4563-A9BB-A63CFF7297E1}.Debug|Any CPU.ActiveCfg = Debug|Any CPU
		{23A54E52-8DD8-4563-A9BB-A63CFF7297E1}.Debug|Any CPU.Build.0 = Debug|Any CPU
		{23A54E52-8DD8-4563-A9BB-A63CFF7297E1}.Release|Any CPU.ActiveCfg = Release|Any CPU
		{23A54E52-8DD8-4563-A9BB-A63CFF7297E1}.Release|Any CPU.Build.0 = Release|Any CPU
		{0AB272D2-6FF0-4084-B6AF-102ABACC7C9E}.Debug|Any CPU.ActiveCfg = Debug|Any CPU
		{0AB272D2-6FF0-4084-B6AF-102ABACC7C9E}.Debug|Any CPU.Build.0 = Debug|Any CPU
		{0AB272D2-6FF0-4084-B6AF-102ABACC7C9E}.Release|Any CPU.ActiveCfg = Release|Any CPU
		{0AB272D2-6FF0-4084-B6AF-102ABACC7C9E}.Release|Any CPU.Build.0 = Release|Any CPU
		{342FADDE-71E3-47D4-9821-F770B4B5C06C}.Debug|Any CPU.ActiveCfg = Debug|Any CPU
		{342FADDE-71E3-47D4-9821-F770B4B5C06C}.Debug|Any CPU.Build.0 = Debug|Any CPU
		{342FADDE-71E3-47D4-9821-F770B4B5C06C}.Release|Any CPU.ActiveCfg = Release|Any CPU
		{342FADDE-71E3-47D4-9821-F770B4B5C06C}.Release|Any CPU.Build.0 = Release|Any CPU
	EndGlobalSection
	GlobalSection(SolutionProperties) = preSolution
		HideSolutionNode = FALSE
	EndGlobalSection
EndGlobal
